// !$*UTF8*$!
{
	archiveVersion = 1;
	classes = {
	};
	objectVersion = 46;
	objects = {

/* Begin PBXBuildFile section */
		FCA1503E9DEB3A4DA0892251 /* ViewController.swift in Sources */ = {isa = PBXBuildFile; fileRef = FCA15EC831E4411A5BB603AE /* ViewController.swift */; };
		FCA152143BE0A63D1E30FFB3 /* CustomCell.swift in Sources */ = {isa = PBXBuildFile; fileRef = FCA15589B576230549A51EA1 /* CustomCell.swift */; };
		FCA153124447674CC33D577A /* Main.storyboard in Resources */ = {isa = PBXBuildFile; fileRef = FCA1547F6576F66C01D763C9 /* Main.storyboard */; };
		FCA154C13677EA0D16AA0C68 /* LaunchScreen.storyboard in Resources */ = {isa = PBXBuildFile; fileRef = FCA159FBD8E4896D4AD47C0E /* LaunchScreen.storyboard */; };
		FCA156A07AF66AFE818ED68D /* AppDelegate.swift in Sources */ = {isa = PBXBuildFile; fileRef = FCA156CF54CA205A04FD7BFA /* AppDelegate.swift */; };
		FCA15E28A10F0019F1B2EC02 /* Assets.xcassets in Resources */ = {isa = PBXBuildFile; fileRef = FCA15DC65A536F413EF1855B /* Assets.xcassets */; };
/* End PBXBuildFile section */

/* Begin PBXFileReference section */
		FCA1507E6B21BB3A71C88ABB /* SwipeableCell_Leon.app */ = {isa = PBXFileReference; explicitFileType = wrapper.application; includeInIndex = 0; path = SwipeableCell_Leon.app; sourceTree = BUILT_PRODUCTS_DIR; };
		FCA1532EA74605713E5FFB62 /* Base */ = {isa = PBXFileReference; lastKnownFileType = file.storyboard; name = Base; path = Base.lproj/LaunchScreen.storyboard; sourceTree = "<group>"; };
		FCA1555F1F98030AF774854F /* Info.plist */ = {isa = PBXFileReference; lastKnownFileType = text.plist.info; path = Info.plist; sourceTree = "<group>"; };
		FCA15589B576230549A51EA1 /* CustomCell.swift */ = {isa = PBXFileReference; fileEncoding = 4; lastKnownFileType = sourcecode.swift; path = CustomCell.swift; sourceTree = "<group>"; };
		FCA15643139649CFCEA6950C /* Base */ = {isa = PBXFileReference; lastKnownFileType = file.storyboard; name = Base; path = Base.lproj/Main.storyboard; sourceTree = "<group>"; };
		FCA156CF54CA205A04FD7BFA /* AppDelegate.swift */ = {isa = PBXFileReference; lastKnownFileType = sourcecode.swift; path = AppDelegate.swift; sourceTree = "<group>"; };
		FCA15DC65A536F413EF1855B /* Assets.xcassets */ = {isa = PBXFileReference; lastKnownFileType = folder.assetcatalog; path = Assets.xcassets; sourceTree = "<group>"; };
		FCA15EC831E4411A5BB603AE /* ViewController.swift */ = {isa = PBXFileReference; lastKnownFileType = sourcecode.swift; path = ViewController.swift; sourceTree = "<group>"; };
/* End PBXFileReference section */

/* Begin PBXFrameworksBuildPhase section */
		FCA15695569F0AD468ADCE09 /* Frameworks */ = {
			isa = PBXFrameworksBuildPhase;
			buildActionMask = 2147483647;
			files = (
			);
			runOnlyForDeploymentPostprocessing = 0;
		};
/* End PBXFrameworksBuildPhase section */

/* Begin PBXGroup section */
		FCA15191C6BE2B61CED5D953 = {
			isa = PBXGroup;
			children = (
				FCA15E43A71B9BFFD8A86CF2 /* Products */,
				FCA15AAF11D44F48F4D7013E /* SwipeableCell_Leon */,
			);
			sourceTree = "<group>";
		};
		FCA15AAF11D44F48F4D7013E /* SwipeableCell_Leon */ = {
			isa = PBXGroup;
			children = (
				FCA1555F1F98030AF774854F /* Info.plist */,
				FCA15DC65A536F413EF1855B /* Assets.xcassets */,
				FCA159FBD8E4896D4AD47C0E /* LaunchScreen.storyboard */,
				FCA156CF54CA205A04FD7BFA /* AppDelegate.swift */,
				FCA1547F6576F66C01D763C9 /* Main.storyboard */,
				FCA15EC831E4411A5BB603AE /* ViewController.swift */,
				FCA15589B576230549A51EA1 /* CustomCell.swift */,
			);
			path = SwipeableCell_Leon;
			sourceTree = "<group>";
		};
		FCA15E43A71B9BFFD8A86CF2 /* Products */ = {
			isa = PBXGroup;
			children = (
				FCA1507E6B21BB3A71C88ABB /* SwipeableCell_Leon.app */,
			);
			name = Products;
			sourceTree = "<group>";
		};
/* End PBXGroup section */

/* Begin PBXNativeTarget section */
		FCA159542B4091C3062D413E /* SwipeableCell_Leon */ = {
			isa = PBXNativeTarget;
			buildConfigurationList = FCA1534FC66BF6329E78ED15 /* Build configuration list for PBXNativeTarget "SwipeableCell_Leon" */;
			buildPhases = (
				FCA15E1168E73E910B3C0CB4 /* Sources */,
				FCA15695569F0AD468ADCE09 /* Frameworks */,
				FCA15F7C1A9E3E0A75A86F42 /* Resources */,
			);
			buildRules = (
			);
			dependencies = (
			);
			name = SwipeableCell_Leon;
			productName = SwipeableCell_Leon;
			productReference = FCA1507E6B21BB3A71C88ABB /* SwipeableCell_Leon.app */;
			productType = "com.apple.product-type.application";
		};
/* End PBXNativeTarget section */

/* Begin PBXProject section */
		FCA15329BFD8DE23761F720B /* Project object */ = {
			isa = PBXProject;
			attributes = {
				ORGANIZATIONNAME = clem;
				TargetAttributes = {
					FCA159542B4091C3062D413E = {
						DevelopmentTeam = FCKB72E74L;
					};
				};
			};
			buildConfigurationList = FCA154A9457ED0E665782F65 /* Build configuration list for PBXProject "SwipeableCell_Leon" */;
			compatibilityVersion = "Xcode 3.2";
			developmentRegion = English;
			hasScannedForEncodings = 0;
			knownRegions = (
				en,
			);
			mainGroup = FCA15191C6BE2B61CED5D953;
			productRefGroup = FCA15E43A71B9BFFD8A86CF2 /* Products */;
			projectDirPath = "";
			projectRoot = "";
			targets = (
				FCA159542B4091C3062D413E /* SwipeableCell_Leon */,
			);
		};
/* End PBXProject section */

/* Begin PBXResourcesBuildPhase section */
		FCA15F7C1A9E3E0A75A86F42 /* Resources */ = {
			isa = PBXResourcesBuildPhase;
			buildActionMask = 2147483647;
			files = (
				FCA15E28A10F0019F1B2EC02 /* Assets.xcassets in Resources */,
				FCA154C13677EA0D16AA0C68 /* LaunchScreen.storyboard in Resources */,
				FCA153124447674CC33D577A /* Main.storyboard in Resources */,
			);
			runOnlyForDeploymentPostprocessing = 0;
		};
/* End PBXResourcesBuildPhase section */

/* Begin PBXSourcesBuildPhase section */
		FCA15E1168E73E910B3C0CB4 /* Sources */ = {
			isa = PBXSourcesBuildPhase;
			buildActionMask = 2147483647;
			files = (
				FCA156A07AF66AFE818ED68D /* AppDelegate.swift in Sources */,
				FCA1503E9DEB3A4DA0892251 /* ViewController.swift in Sources */,
				FCA152143BE0A63D1E30FFB3 /* CustomCell.swift in Sources */,
			);
			runOnlyForDeploymentPostprocessing = 0;
		};
/* End PBXSourcesBuildPhase section */

/* Begin PBXVariantGroup section */
		FCA1547F6576F66C01D763C9 /* Main.storyboard */ = {
			isa = PBXVariantGroup;
			children = (
				FCA15643139649CFCEA6950C /* Base */,
			);
			name = Main.storyboard;
			sourceTree = "<group>";
		};
		FCA159FBD8E4896D4AD47C0E /* LaunchScreen.storyboard */ = {
			isa = PBXVariantGroup;
			children = (
				FCA1532EA74605713E5FFB62 /* Base */,
			);
			name = LaunchScreen.storyboard;
			sourceTree = "<group>";
		};
/* End PBXVariantGroup section */

/* Begin XCBuildConfiguration section */
		FCA15050AAE927874DCC45D1 /* Release */ = {
			isa = XCBuildConfiguration;
			buildSettings = {
				ALWAYS_SEARCH_USER_PATHS = NO;
				CLANG_ANALYZER_NONNULL = YES;
				CLANG_ANALYZER_NUMBER_OBJECT_CONVERSION = YES_AGGRESSIVE;
				CLANG_CXX_LANGUAGE_STANDARD = "gnu++0x";
				CLANG_CXX_LIBRARY = "libc++";
				CLANG_ENABLE_MODULES = YES;
				CLANG_ENABLE_OBJC_ARC = YES;
				CLANG_WARN_BOOL_CONVERSION = YES;
				CLANG_WARN_CONSTANT_CONVERSION = YES;
				CLANG_WARN_DIRECT_OBJC_ISA_USAGE = YES_ERROR;
				CLANG_WARN_DOCUMENTATION_COMMENTS = YES;
				CLANG_WARN_EMPTY_BODY = YES;
				CLANG_WARN_ENUM_CONVERSION = YES;
				CLANG_WARN_INFINITE_RECURSION = YES;
				CLANG_WARN_INT_CONVERSION = YES;
				CLANG_WARN_OBJC_ROOT_CLASS = YES_ERROR;
				CLANG_WARN_SUSPICIOUS_MOVE = YES;
				CLANG_WARN_UNREACHABLE_CODE = YES;
				CLANG_WARN__DUPLICATE_METHOD_MATCH = YES;
				"CODE_SIGN_IDENTITY[sdk=iphoneos*]" = "iPhone Developer";
				COPY_PHASE_STRIP = NO;
				DEBUG_INFORMATION_FORMAT = "dwarf-with-dsym";
				ENABLE_NS_ASSERTIONS = NO;
				ENABLE_STRICT_OBJC_MSGSEND = YES;
				GCC_C_LANGUAGE_STANDARD = gnu99;
				GCC_NO_COMMON_BLOCKS = YES;
				GCC_WARN_64_TO_32_BIT_CONVERSION = YES;
				GCC_WARN_ABOUT_RETURN_TYPE = YES_ERROR;
				GCC_WARN_UNDECLARED_SELECTOR = YES;
				GCC_WARN_UNINITIALIZED_AUTOS = YES_AGGRESSIVE;
				GCC_WARN_UNUSED_FUNCTION = YES;
				GCC_WARN_UNUSED_VARIABLE = YES;
				IPHONEOS_DEPLOYMENT_TARGET = 10.3;
				MTL_ENABLE_DEBUG_INFO = NO;
				SDKROOT = iphoneos;
				SWIFT_OPTIMIZATION_LEVEL = "-Owholemodule";
				TARGETED_DEVICE_FAMILY = "1,2";
				VALIDATE_PRODUCT = YES;
			};
			name = Release;
		};
		FCA150C8965E8928E59D791F /* Release */ = {
			isa = XCBuildConfiguration;
			buildSettings = {
				ASSETCATALOG_COMPILER_APPICON_NAME = AppIcon;
				DEVELOPMENT_TEAM = FCKB72E74L;
				INFOPLIST_FILE = SwipeableCell_Leon/Info.plist;
				LD_RUNPATH_SEARCH_PATHS = "$(inherited) @executable_path/Frameworks";
				PRODUCT_BUNDLE_IDENTIFIER = "com.clem.www.LoginView-Leon";
				PRODUCT_NAME = "$(TARGET_NAME)";
				SWIFT_VERSION = 3.1;
			};
			name = Release;
		};
		FCA155510A0597D28819D638 /* Debug */ = {
			isa = XCBuildConfiguration;
			buildSettings = {
				ALWAYS_SEARCH_USER_PATHS = NO;
				CLANG_ANALYZER_NONNULL = YES;
				CLANG_ANALYZER_NUMBER_OBJECT_CONVERSION = YES_AGGRESSIVE;
				CLANG_CXX_LANGUAGE_STANDARD = "gnu++0x";
				CLANG_CXX_LIBRARY = "libc++";
				CLANG_ENABLE_MODULES = YES;
				CLANG_ENABLE_OBJC_ARC = YES;
				CLANG_WARN_BOOL_CONVERSION = YES;
				CLANG_WARN_CONSTANT_CONVERSION = YES;
				CLANG_WARN_DIRECT_OBJC_ISA_USAGE = YES_ERROR;
				CLANG_WARN_DOCUMENTATION_COMMENTS = YES;
				CLANG_WARN_EMPTY_BODY = YES;
				CLANG_WARN_ENUM_CONVERSION = YES;
				CLANG_WARN_INFINITE_RECURSION = YES;
				CLANG_WARN_INT_CONVERSION = YES;
				CLANG_WARN_OBJC_ROOT_CLASS = YES_ERROR;
				CLANG_WARN_SUSPICIOUS_MOVE = YES;
				CLANG_WARN_UNREACHABLE_CODE = YES;
				CLANG_WARN__DUPLICATE_METHOD_MATCH = YES;
				"CODE_SIGN_IDENTITY[sdk=iphoneos*]" = "iPhone Developer";
				COPY_PHASE_STRIP = NO;
				DEBUG_INFORMATION_FORMAT = dwarf;
				ENABLE_STRICT_OBJC_MSGSEND = YES;
				ENABLE_TESTABILITY = YES;
				GCC_C_LANGUAGE_STANDARD = gnu99;
				GCC_DYNAMIC_NO_PIC = NO;
				GCC_NO_COMMON_BLOCKS = YES;
				GCC_OPTIMIZATION_LEVEL = 0;
				GCC_PREPROCESSOR_DEFINITIONS = (
					"DEBUG=1",
					"$(inherited)",
				);
				GCC_WARN_64_TO_32_BIT_CONVERSION = YES;
				GCC_WARN_ABOUT_RETURN_TYPE = YES_ERROR;
				GCC_WARN_UNDECLARED_SELECTOR = YES;
				GCC_WARN_UNINITIALIZED_AUTOS = YES_AGGRESSIVE;
				GCC_WARN_UNUSED_FUNCTION = YES;
				GCC_WARN_UNUSED_VARIABLE = YES;
				IPHONEOS_DEPLOYMENT_TARGET = 10.3;
				MTL_ENABLE_DEBUG_INFO = YES;
				ONLY_ACTIVE_ARCH = YES;
				SDKROOT = iphoneos;
				SWIFT_ACTIVE_COMPILATION_CONDITIONS = DEBUG;
				SWIFT_OPTIMIZATION_LEVEL = "-Onone";
				TARGETED_DEVICE_FAMILY = "1,2";
			};
			name = Debug;
		};
		FCA15EB26BABCEFBC97C96B3 /* Debug */ = {
			isa = XCBuildConfiguration;
			buildSettings = {
				ASSETCATALOG_COMPILER_APPICON_NAME = AppIcon;
				DEVELOPMENT_TEAM = FCKB72E74L;
				INFOPLIST_FILE = SwipeableCell_Leon/Info.plist;
				LD_RUNPATH_SEARCH_PATHS = "$(inherited) @executable_path/Frameworks";
				PRODUCT_BUNDLE_IDENTIFIER = "com.clem.www.LoginView-Leon";
				PRODUCT_NAME = "$(TARGET_NAME)";
				SWIFT_VERSION = 3.1;
			};
			name = Debug;
		};
/* End XCBuildConfiguration section */

/* Begin XCConfigurationList section */
		FCA1534FC66BF6329E78ED15 /* Build configuration list for PBXNativeTarget "SwipeableCell_Leon" */ = {
			isa = XCConfigurationList;
			buildConfigurations = (
				FCA15EB26BABCEFBC97C96B3 /* Debug */,
				FCA150C8965E8928E59D791F /* Release */,
			);
			defaultConfigurationIsVisible = 0;
			defaultConfigurationName = Release;
		};
		FCA154A9457ED0E665782F65 /* Build configuration list for PBXProject "SwipeableCell_Leon" */ = {
			isa = XCConfigurationList;
			buildConfigurations = (
				FCA155510A0597D28819D638 /* Debug */,
				FCA15050AAE927874DCC45D1 /* Release */,
			);
			defaultConfigurationIsVisible = 0;
			defaultConfigurationName = Release;
		};
/* End XCConfigurationList section */
	};
	rootObject = FCA15329BFD8DE23761F720B /* Project object */;
}
